
Microsoft Visual Studio Solution File, Format Version 12.00
# Visual Studio 15
VisualStudioVersion = 15.0.27428.2037
MinimumVisualStudioVersion = 10.0.40219.1
Project("{FAE04EC0-301F-11D3-BF4B-00C04F79EFBC}") = "HelloWebApp", "HelloWebApp\HelloWebApp.csproj", "{81FE389A-CDF8-444C-8EA7-678B52DD3ED2}"
EndProject
Project("{FAE04EC0-301F-11D3-BF4B-00C04F79EFBC}") = "HelloWebApp.Tests", "HelloWebApp.Tests\HelloWebApp.Tests.csproj", "{3776851C-77EC-42B2-BDBD-A5D264439BDC}"
EndProject
Global
	GlobalSection(SolutionConfigurationPlatforms) = preSolution
		Debug|Any CPU = Debug|Any CPU
		Release|Any CPU = Release|Any CPU
	EndGlobalSection
	GlobalSection(ProjectConfigurationPlatforms) = postSolution
		{81FE389A-CDF8-444C-8EA7-678B52DD3ED2}.Debug|Any CPU.ActiveCfg = Debug|Any CPU
		{81FE389A-CDF8-444C-8EA7-678B52DD3ED2}.Debug|Any CPU.Build.0 = Debug|Any CPU
		{81FE389A-CDF8-444C-8EA7-678B52DD3ED2}.Release|Any CPU.ActiveCfg = Release|Any CPU
		{81FE389A-CDF8-444C-8EA7-678B52DD3ED2}.Release|Any CPU.Build.0 = Release|Any CPU
		{3776851C-77EC-42B2-BDBD-A5D264439BDC}.Debug|Any CPU.ActiveCfg = Debug|Any CPU
		{3776851C-77EC-42B2-BDBD-A5D264439BDC}.Debug|Any CPU.Build.0 = Debug|Any CPU
		{3776851C-77EC-42B2-BDBD-A5D264439BDC}.Release|Any CPU.ActiveCfg = Release|Any CPU
		{3776851C-77EC-42B2-BDBD-A5D264439BDC}.Release|Any CPU.Build.0 = Release|Any CPU
	EndGlobalSection
	GlobalSection(SolutionProperties) = preSolution
		HideSolutionNode = FALSE
	EndGlobalSection
	GlobalSection(ExtensibilityGlobals) = postSolution
		SolutionGuid = {62EFDA37-FE40-43AF-B68D-20B9AD1165B8}
	EndGlobalSection
EndGlobal
